
Microsoft Visual Studio Solution File, Format Version 12.00
# Visual Studio Version 17
VisualStudioVersion = 17.8.34330.188
MinimumVisualStudioVersion = 10.0.40219.1
Project("{FAE04EC0-301F-11D3-BF4B-00C04F79EFBC}") = "form exemple", "form exemple\form exemple.csproj", "{587C57C3-F01B-4F76-884A-D4B2A56D9AB7}"
EndProject
Global
	GlobalSection(SolutionConfigurationPlatforms) = preSolution
		Debug|Any CPU = Debug|Any CPU
		Release|Any CPU = Release|Any CPU
	EndGlobalSection
	GlobalSection(ProjectConfigurationPlatforms) = postSolution
		{587C57C3-F01B-4F76-884A-D4B2A56D9AB7}.Debug|Any CPU.ActiveCfg = Debug|Any CPU
		{587C57C3-F01B-4F76-884A-D4B2A56D9AB7}.Debug|Any CPU.Build.0 = Debug|Any CPU
		{587C57C3-F01B-4F76-884A-D4B2A56D9AB7}.Release|Any CPU.ActiveCfg = Release|Any CPU
		{587C57C3-F01B-4F76-884A-D4B2A56D9AB7}.Release|Any CPU.Build.0 = Release|Any CPU
	EndGlobalSection
	GlobalSection(SolutionProperties) = preSolution
		HideSolutionNode = FALSE
	EndGlobalSection
	GlobalSection(ExtensibilityGlobals) = postSolution
		SolutionGuid = {12A757CE-D1E6-4BA4-8ED2-99950702EDE0}
	EndGlobalSection
EndGlobal
